
Microsoft Visual Studio Solution File, Format Version 12.00
# Visual Studio Version 16
VisualStudioVersion = 16.0.30104.148
MinimumVisualStudioVersion = 10.0.40219.1
Project("{9A19103F-16F7-4668-BE54-9A1E7A4F7556}") = "NYCTripCalculator", "NYCTripCalculator\NYCTripCalculator.csproj", "{FED139E3-5945-43F9-86BE-D4091DAB431B}"
EndProject
Project("{FAE04EC0-301F-11D3-BF4B-00C04F79EFBC}") = "Tests", "Tests\Tests.csproj", "{C60203EA-A72B-4233-8BA0-EBA08CE17F06}"
EndProject
Global
	GlobalSection(SolutionConfigurationPlatforms) = preSolution
		Debug|Any CPU = Debug|Any CPU
		Release|Any CPU = Release|Any CPU
	EndGlobalSection
	GlobalSection(ProjectConfigurationPlatforms) = postSolution
		{FED139E3-5945-43F9-86BE-D4091DAB431B}.Debug|Any CPU.ActiveCfg = Debug|Any CPU
		{FED139E3-5945-43F9-86BE-D4091DAB431B}.Debug|Any CPU.Build.0 = Debug|Any CPU
		{FED139E3-5945-43F9-86BE-D4091DAB431B}.Release|Any CPU.ActiveCfg = Release|Any CPU
		{FED139E3-5945-43F9-86BE-D4091DAB431B}.Release|Any CPU.Build.0 = Release|Any CPU
		{C60203EA-A72B-4233-8BA0-EBA08CE17F06}.Debug|Any CPU.ActiveCfg = Debug|Any CPU
		{C60203EA-A72B-4233-8BA0-EBA08CE17F06}.Debug|Any CPU.Build.0 = Debug|Any CPU
		{C60203EA-A72B-4233-8BA0-EBA08CE17F06}.Release|Any CPU.ActiveCfg = Release|Any CPU
		{C60203EA-A72B-4233-8BA0-EBA08CE17F06}.Release|Any CPU.Build.0 = Release|Any CPU
	EndGlobalSection
	GlobalSection(SolutionProperties) = preSolution
		HideSolutionNode = FALSE
	EndGlobalSection
	GlobalSection(ExtensibilityGlobals) = postSolution
		SolutionGuid = {FEA7D902-CA94-40F4-BBB0-4EAA10C2B545}
	EndGlobalSection
EndGlobal
